
Microsoft Visual Studio Solution File, Format Version 12.00
# Visual Studio Version 17
VisualStudioVersion = 17.11.35208.52
MinimumVisualStudioVersion = 10.0.40219.1
Project("{8BC9CEB8-8B4A-11D0-8D11-00A0C91BC942}") = "hw3.1", "hw3.1.vcxproj", "{A68683BF-137A-475F-A955-FC886534BBF9}"
EndProject
Global
	GlobalSection(SolutionConfigurationPlatforms) = preSolution
		Debug|x64 = Debug|x64
		Debug|x86 = Debug|x86
		Release|x64 = Release|x64
		Release|x86 = Release|x86
	EndGlobalSection
	GlobalSection(ProjectConfigurationPlatforms) = postSolution
		{A68683BF-137A-475F-A955-FC886534BBF9}.Debug|x64.ActiveCfg = Debug|x64
		{A68683BF-137A-475F-A955-FC886534BBF9}.Debug|x64.Build.0 = Debug|x64
		{A68683BF-137A-475F-A955-FC886534BBF9}.Debug|x86.ActiveCfg = Debug|Win32
		{A68683BF-137A-475F-A955-FC886534BBF9}.Debug|x86.Build.0 = Debug|Win32
		{A68683BF-137A-475F-A955-FC886534BBF9}.Release|x64.ActiveCfg = Release|x64
		{A68683BF-137A-475F-A955-FC886534BBF9}.Release|x64.Build.0 = Release|x64
		{A68683BF-137A-475F-A955-FC886534BBF9}.Release|x86.ActiveCfg = Release|Win32
		{A68683BF-137A-475F-A955-FC886534BBF9}.Release|x86.Build.0 = Release|Win32
	EndGlobalSection
	GlobalSection(SolutionProperties) = preSolution
		HideSolutionNode = FALSE
	EndGlobalSection
	GlobalSection(ExtensibilityGlobals) = postSolution
		SolutionGuid = {275CDCFF-43EF-4ABD-8391-52E904ED9566}
	EndGlobalSection
EndGlobal
